
Microsoft Visual Studio Solution File, Format Version 12.00
# Visual Studio 15
VisualStudioVersion = 15.0.28307.271
MinimumVisualStudioVersion = 10.0.40219.1
Project("{FAE04EC0-301F-11D3-BF4B-00C04F79EFBC}") = "JavascriptControlAddIn", "JavascriptControlAddIn.csproj", "{599DA034-174F-4B31-BC41-F04C7E920839}"
EndProject
Global
	GlobalSection(SolutionConfigurationPlatforms) = preSolution
		Debug|Any CPU = Debug|Any CPU
		Release|Any CPU = Release|Any CPU
		Resource|Any CPU = Resource|Any CPU
	EndGlobalSection
	GlobalSection(ProjectConfigurationPlatforms) = postSolution
		{599DA034-174F-4B31-BC41-F04C7E920839}.Debug|Any CPU.ActiveCfg = Debug|Any CPU
		{599DA034-174F-4B31-BC41-F04C7E920839}.Debug|Any CPU.Build.0 = Debug|Any CPU
		{599DA034-174F-4B31-BC41-F04C7E920839}.Release|Any CPU.ActiveCfg = Release|Any CPU
		{599DA034-174F-4B31-BC41-F04C7E920839}.Release|Any CPU.Build.0 = Release|Any CPU
		{599DA034-174F-4B31-BC41-F04C7E920839}.Resource|Any CPU.ActiveCfg = Resource|Any CPU
		{599DA034-174F-4B31-BC41-F04C7E920839}.Resource|Any CPU.Build.0 = Resource|Any CPU
	EndGlobalSection
	GlobalSection(SolutionProperties) = preSolution
		HideSolutionNode = FALSE
	EndGlobalSection
	GlobalSection(ExtensibilityGlobals) = postSolution
		SolutionGuid = {42E22042-EEFB-4899-9971-B6C2EA07C4B0}
	EndGlobalSection
EndGlobal
